Microsoft Visual Studio Solution File, Format Version 11.00
# Visual Studio 2008

Project("{D7C5B5D8-D140-8841-4DC5-91F1937860C6}") = "AR_app", "Assembly-CSharp.csproj", "{4B546F87-F7E0-FD76-70A0-6442AA2322E1}"
EndProject
Global
	GlobalSection(SolutionConfigurationPlatforms) = preSolution
		Debug|Any CPU = Debug|Any CPU
		Release|Any CPU = Release|Any CPU
	EndGlobalSection
	GlobalSection(ProjectConfigurationPlatforms) = postSolution
		{4B546F87-F7E0-FD76-70A0-6442AA2322E1}.Debug|Any CPU.ActiveCfg = Debug|Any CPU
		{4B546F87-F7E0-FD76-70A0-6442AA2322E1}.Debug|Any CPU.Build.0 = Debug|Any CPU
		{4B546F87-F7E0-FD76-70A0-6442AA2322E1}.Release|Any CPU.ActiveCfg = Release|Any CPU
		{4B546F87-F7E0-FD76-70A0-6442AA2322E1}.Release|Any CPU.Build.0 = Release|Any CPU
	EndGlobalSection
	GlobalSection(SolutionProperties) = preSolution
		HideSolutionNode = FALSE
	EndGlobalSection
	GlobalSection(MonoDevelopProperties) = preSolution
		StartupItem = Assembly-CSharp.csproj
	EndGlobalSection
EndGlobal
